# This file is automatically @generated by Poetry 1.8.2 and should not be changed by hand.

[[package]]
name = "beautifulsoup4"
version = "4.12.3"
description = "Screen-scraping library"
optional = false
python-versions = ">=3.6.0"
files = [
    {file = "beautifulsoup4-4.12.3-py3-none-any.whl", hash = "sha256:b80878c9f40111313e55da8ba20bdba06d8fa3969fc68304167741bbf9e082ed"},
    {file = "beautifulsoup4-4.12.3.tar.gz", hash = "sha256:74e3d1928edc070d21748185c46e3fb33490f22f52a3addee9aee0f4f7781051"},
]

[package.dependencies]
soupsieve = ">1.2"

[package.extras]
cchardet = ["cchardet"]
chardet = ["chardet"]
charset-normalizer = ["charset-normalizer"]
html5lib = ["html5lib"]
lxml = ["lxml"]

[[package]]
name = "markdownify"
version = "0.13.1"
description = "Convert HTML to markdown."
optional = false
python-versions = "*"
files = [
    {file = "markdownify-0.13.1-py3-none-any.whl", hash = "sha256:1d181d43d20902bcc69d7be85b5316ed174d0dda72ff56e14ae4c95a4a407d22"},
    {file = "markdownify-0.13.1.tar.gz", hash = "sha256:ab257f9e6bd4075118828a28c9d02f8a4bfeb7421f558834aa79b2dfeb32a098"},
]

[package.dependencies]
beautifulsoup4 = ">=4.9,<5"
six = ">=1.15,<2"

[[package]]
name = "six"
version = "1.16.0"
description = "Python 2 and 3 compatibility utilities"
optional = false
python-versions = ">=2.7, !=3.0.*, !=3.1.*, !=3.2.*"
files = [
    {file = "six-1.16.0-py2.py3-none-any.whl", hash = "sha256:8abb2f1d86890a2dfb989f9a77cfcfd3e47c2a354b01111771326f8aa26e0254"},
    {file = "six-1.16.0.tar.gz", hash = "sha256:1e61c37477a1626458e36f7b1d82aa5c9b094fa4802892072e49de9c60c4c926"},
]

[[package]]
name = "soupsieve"
version = "2.6"
description = "A modern CSS selector implementation for Beautiful Soup."
optional = false
python-versions = ">=3.8"
files = [
    {file = "soupsieve-2.6-py3-none-any.whl", hash = "sha256:e72c4ff06e4fb6e4b5a9f0f55fe6e81514581fca1515028625d0f299c602ccc9"},
    {file = "soupsieve-2.6.tar.gz", hash = "sha256:e2e68417777af359ec65daac1057404a3c8a5455bb8abc36f1a9866ab1a51abb"},
]

[metadata]
lock-version = "2.0"
python-versions = "^3.13"
content-hash = "a30bdf2850066cc0cb7da3a64491dc0ab75a6f3fe4f228486eb1b1b865ce0db3"
